# This file is automatically @generated by Cargo.
# It is not intended for manual editing.
version = 4

[[package]]
name = "aoc2025"
version = "0.1.0"
dependencies = [
 "z3",
]

[[package]]
name = "lazy_static"
version = "1.5.0"
source = "registry+https://github.com/rust-lang/crates.io-index"
checksum = "bbd2bcb4c963f2ddae06a2efc7e9f3591312473c50c6685e1f298068316e66fe"

[[package]]
name = "log"
version = "0.4.29"
source = "registry+https://github.com/rust-lang/crates.io-index"
checksum = "5e5032e24019045c762d3c0f28f5b6b8bbf38563a65908389bf7978758920897"

[[package]]
name = "z3"
version = "0.10.0"
source = "registry+https://github.com/rust-lang/crates.io-index"
checksum = "05b1c80cd890d936ecafd439e757113a397f5797b12232b29c443256dd02c07b"
dependencies = [
 "lazy_static",
 "log",
 "z3-sys",
]

[[package]]
name = "z3-sys"
version = "0.6.3"
source = "registry+https://github.com/rust-lang/crates.io-index"
checksum = "afa18ba5fbd4933e41ffb440c3fd91f91fe9cdb7310cce3ddfb6648563811de0"
